
Microsoft Visual Studio Solution File, Format Version 12.00
# Visual Studio Version 17
VisualStudioVersion = 17.7.34024.191
MinimumVisualStudioVersion = 10.0.40219.1
Project("{8BC9CEB8-8B4A-11D0-8D11-00A0C91BC942}") = "ChatServer", "ChatServer.vcxproj", "{51A26A3F-AAA6-47A7-B8E9-235EDF25314F}"
EndProject
Global
	GlobalSection(SolutionConfigurationPlatforms) = preSolution
		Debug|x64 = Debug|x64
		Debug|x86 = Debug|x86
		Release|x64 = Release|x64
		Release|x86 = Release|x86
	EndGlobalSection
	GlobalSection(ProjectConfigurationPlatforms) = postSolution
		{51A26A3F-AAA6-47A7-B8E9-235EDF25314F}.Debug|x64.ActiveCfg = Debug|x64
		{51A26A3F-AAA6-47A7-B8E9-235EDF25314F}.Debug|x64.Build.0 = Debug|x64
		{51A26A3F-AAA6-47A7-B8E9-235EDF25314F}.Debug|x86.ActiveCfg = Debug|Win32
		{51A26A3F-AAA6-47A7-B8E9-235EDF25314F}.Debug|x86.Build.0 = Debug|Win32
		{51A26A3F-AAA6-47A7-B8E9-235EDF25314F}.Release|x64.ActiveCfg = Release|x64
		{51A26A3F-AAA6-47A7-B8E9-235EDF25314F}.Release|x64.Build.0 = Release|x64
		{51A26A3F-AAA6-47A7-B8E9-235EDF25314F}.Release|x86.ActiveCfg = Release|Win32
		{51A26A3F-AAA6-47A7-B8E9-235EDF25314F}.Release|x86.Build.0 = Release|Win32
	EndGlobalSection
	GlobalSection(SolutionProperties) = preSolution
		HideSolutionNode = FALSE
	EndGlobalSection
	GlobalSection(ExtensibilityGlobals) = postSolution
		SolutionGuid = {D8763B26-BA0D-470D-9031-C55200CAC71D}
	EndGlobalSection
EndGlobal
